// !$*UTF8*$!
{
	archiveVersion = 1;
	classes = {
	};
	objectVersion = 46;
	objects = {

/* Begin PBXBuildFile section */
		081B483A1E77BA51002BBF1C /* CollectionExampleViewController.m in Sources */ = {isa = PBXBuildFile; fileRef = 081B48391E77BA51002BBF1C /* CollectionExampleViewController.m */; };
		081B483D1E77CF64002BBF1C /* CollectionCell.m in Sources */ = {isa = PBXBuildFile; fileRef = 081B483C1E77CF64002BBF1C /* CollectionCell.m */; };
		081B48401E77D460002BBF1C /* CollectionReusableView.m in Sources */ = {isa = PBXBuildFile; fileRef = 081B483F1E77D460002BBF1C /* CollectionReusableView.m */; };
		08B367301E71484900F34D0D /* main.m in Sources */ = {isa = PBXBuildFile; fileRef = 08B3672F1E71484900F34D0D /* main.m */; };
		08B367331E71484900F34D0D /* AppDelegate.m in Sources */ = {isa = PBXBuildFile; fileRef = 08B367321E71484900F34D0D /* AppDelegate.m */; };
		08B3673B1E71484900F34D0D /* Assets.xcassets in Resources */ = {isa = PBXBuildFile; fileRef = 08B3673A1E71484900F34D0D /* Assets.xcassets */; };
		08B3674B1E71489A00F34D0D /* WUDataSource.m in Sources */ = {isa = PBXBuildFile; fileRef = 08B367471E71489A00F34D0D /* WUDataSource.m */; };
		08B3674C1E71489A00F34D0D /* WUTableView.m in Sources */ = {isa = PBXBuildFile; fileRef = 08B3674A1E71489A00F34D0D /* WUTableView.m */; };
		08B3675C1E71492A00F34D0D /* TableCustomerViewController.m in Sources */ = {isa = PBXBuildFile; fileRef = 08B367501E71492A00F34D0D /* TableCustomerViewController.m */; };
		08B3675D1E71492A00F34D0D /* TableExampleViewController.m in Sources */ = {isa = PBXBuildFile; fileRef = 08B367521E71492A00F34D0D /* TableExampleViewController.m */; };
		08B3675E1E71492A00F34D0D /* TableHeaderFooterViewController.m in Sources */ = {isa = PBXBuildFile; fileRef = 08B367541E71492A00F34D0D /* TableHeaderFooterViewController.m */; };
		08B3675F1E71492A00F34D0D /* TableSimpleViewController.m in Sources */ = {isa = PBXBuildFile; fileRef = 08B367561E71492A00F34D0D /* TableSimpleViewController.m */; };
		08B367601E71492A00F34D0D /* CustomerHeaderFooterView.m in Sources */ = {isa = PBXBuildFile; fileRef = 08B367591E71492A00F34D0D /* CustomerHeaderFooterView.m */; };
		08B367611E71492A00F34D0D /* CustomerTableViewCell.m in Sources */ = {isa = PBXBuildFile; fileRef = 08B3675B1E71492A00F34D0D /* CustomerTableViewCell.m */; };
		08FCCB671E726B3900143C28 /* WUCollectionView.m in Sources */ = {isa = PBXBuildFile; fileRef = 08FCCB661E726B3900143C28 /* WUCollectionView.m */; };
/* End PBXBuildFile section */

/* Begin PBXFileReference section */
		081B48381E77BA51002BBF1C /* CollectionExampleViewController.h */ = {isa = PBXFileReference; fileEncoding = 4; lastKnownFileType = sourcecode.c.h; path = CollectionExampleViewController.h; sourceTree = "<group>"; };
		081B48391E77BA51002BBF1C /* CollectionExampleViewController.m */ = {isa = PBXFileReference; fileEncoding = 4; lastKnownFileType = sourcecode.c.objc; path = CollectionExampleViewController.m; sourceTree = "<group>"; };
		081B483B1E77CF64002BBF1C /* CollectionCell.h */ = {isa = PBXFileReference; fileEncoding = 4; lastKnownFileType = sourcecode.c.h; path = CollectionCell.h; sourceTree = "<group>"; };
		081B483C1E77CF64002BBF1C /* CollectionCell.m */ = {isa = PBXFileReference; fileEncoding = 4; lastKnownFileType = sourcecode.c.objc; path = CollectionCell.m; sourceTree = "<group>"; };
		081B483E1E77D460002BBF1C /* CollectionReusableView.h */ = {isa = PBXFileReference; fileEncoding = 4; lastKnownFileType = sourcecode.c.h; path = CollectionReusableView.h; sourceTree = "<group>"; };
		081B483F1E77D460002BBF1C /* CollectionReusableView.m */ = {isa = PBXFileReference; fileEncoding = 4; lastKnownFileType = sourcecode.c.objc; path = CollectionReusableView.m; sourceTree = "<group>"; };
		08B3672B1E71484900F34D0D /* WUTable.app */ = {isa = PBXFileReference; explicitFileType = wrapper.application; includeInIndex = 0; path = WUTable.app; sourceTree = BUILT_PRODUCTS_DIR; };
		08B3672F1E71484900F34D0D /* main.m */ = {isa = PBXFileReference; lastKnownFileType = sourcecode.c.objc; path = main.m; sourceTree = "<group>"; };
		08B367311E71484900F34D0D /* AppDelegate.h */ = {isa = PBXFileReference; lastKnownFileType = sourcecode.c.h; path = AppDelegate.h; sourceTree = "<group>"; };
		08B367321E71484900F34D0D /* AppDelegate.m */ = {isa = PBXFileReference; lastKnownFileType = sourcecode.c.objc; path = AppDelegate.m; sourceTree = "<group>"; };
		08B3673A1E71484900F34D0D /* Assets.xcassets */ = {isa = PBXFileReference; lastKnownFileType = folder.assetcatalog; path = Assets.xcassets; sourceTree = "<group>"; };
		08B3673F1E71484900F34D0D /* Info.plist */ = {isa = PBXFileReference; lastKnownFileType = text.plist.xml; path = Info.plist; sourceTree = "<group>"; };
		08B367461E71489A00F34D0D /* WUDataSource.h */ = {isa = PBXFileReference; fileEncoding = 4; lastKnownFileType = sourcecode.c.h; path = WUDataSource.h; sourceTree = "<group>"; };
		08B367471E71489A00F34D0D /* WUDataSource.m */ = {isa = PBXFileReference; fileEncoding = 4; lastKnownFileType = sourcecode.c.objc; path = WUDataSource.m; sourceTree = "<group>"; };
		08B367481E71489A00F34D0D /* WUTable.h */ = {isa = PBXFileReference; fileEncoding = 4; lastKnownFileType = sourcecode.c.h; path = WUTable.h; sourceTree = "<group>"; };
		08B367491E71489A00F34D0D /* WUTableView.h */ = {isa = PBXFileReference; fileEncoding = 4; lastKnownFileType = sourcecode.c.h; path = WUTableView.h; sourceTree = "<group>"; };
		08B3674A1E71489A00F34D0D /* WUTableView.m */ = {isa = PBXFileReference; fileEncoding = 4; lastKnownFileType = sourcecode.c.objc; path = WUTableView.m; sourceTree = "<group>"; };
		08B3674F1E71492A00F34D0D /* TableCustomerViewController.h */ = {isa = PBXFileReference; fileEncoding = 4; lastKnownFileType = sourcecode.c.h; path = TableCustomerViewController.h; sourceTree = "<group>"; };
		08B367501E71492A00F34D0D /* TableCustomerViewController.m */ = {isa = PBXFileReference; fileEncoding = 4; lastKnownFileType = sourcecode.c.objc; path = TableCustomerViewController.m; sourceTree = "<group>"; };
		08B367511E71492A00F34D0D /* TableExampleViewController.h */ = {isa = PBXFileReference; fileEncoding = 4; lastKnownFileType = sourcecode.c.h; path = TableExampleViewController.h; sourceTree = "<group>"; };
		08B367521E71492A00F34D0D /* TableExampleViewController.m */ = {isa = PBXFileReference; fileEncoding = 4; lastKnownFileType = sourcecode.c.objc; path = TableExampleViewController.m; sourceTree = "<group>"; };
		08B367531E71492A00F34D0D /* TableHeaderFooterViewController.h */ = {isa = PBXFileReference; fileEncoding = 4; lastKnownFileType = sourcecode.c.h; path = TableHeaderFooterViewController.h; sourceTree = "<group>"; };
		08B367541E71492A00F34D0D /* TableHeaderFooterViewController.m */ = {isa = PBXFileReference; fileEncoding = 4; lastKnownFileType = sourcecode.c.objc; path = TableHeaderFooterViewController.m; sourceTree = "<group>"; };
		08B367551E71492A00F34D0D /* TableSimpleViewController.h */ = {isa = PBXFileReference; fileEncoding = 4; lastKnownFileType = sourcecode.c.h; path = TableSimpleViewController.h; sourceTree = "<group>"; };
		08B367561E71492A00F34D0D /* TableSimpleViewController.m */ = {isa = PBXFileReference; fileEncoding = 4; lastKnownFileType = sourcecode.c.objc; path = TableSimpleViewController.m; sourceTree = "<group>"; };
		08B367581E71492A00F34D0D /* CustomerHeaderFooterView.h */ = {isa = PBXFileReference; fileEncoding = 4; lastKnownFileType = sourcecode.c.h; path = CustomerHeaderFooterView.h; sourceTree = "<group>"; };
		08B367591E71492A00F34D0D /* CustomerHeaderFooterView.m */ = {isa = PBXFileReference; fileEncoding = 4; lastKnownFileType = sourcecode.c.objc; path = CustomerHeaderFooterView.m; sourceTree = "<group>"; };
		08B3675A1E71492A00F34D0D /* CustomerTableViewCell.h */ = {isa = PBXFileReference; fileEncoding = 4; lastKnownFileType = sourcecode.c.h; path = CustomerTableViewCell.h; sourceTree = "<group>"; };
		08B3675B1E71492A00F34D0D /* CustomerTableViewCell.m */ = {isa = PBXFileReference; fileEncoding = 4; lastKnownFileType = sourcecode.c.objc; path = CustomerTableViewCell.m; sourceTree = "<group>"; };
		08FCCB651E726B3900143C28 /* WUCollectionView.h */ = {isa = PBXFileReference; fileEncoding = 4; lastKnownFileType = sourcecode.c.h; path = WUCollectionView.h; sourceTree = "<group>"; };
		08FCCB661E726B3900143C28 /* WUCollectionView.m */ = {isa = PBXFileReference; fileEncoding = 4; lastKnownFileType = sourcecode.c.objc; path = WUCollectionView.m; sourceTree = "<group>"; };
/* End PBXFileReference section */

/* Begin PBXFrameworksBuildPhase section */
		08B367281E71484900F34D0D /* Frameworks */ = {
			isa = PBXFrameworksBuildPhase;
			buildActionMask = 2147483647;
			files = (
			);
			runOnlyForDeploymentPostprocessing = 0;
		};
/* End PBXFrameworksBuildPhase section */

/* Begin PBXGroup section */
		08B367221E71484900F34D0D = {
			isa = PBXGroup;
			children = (
				08B3672D1E71484900F34D0D /* WUTable */,
				08B3672C1E71484900F34D0D /* Products */,
			);
			sourceTree = "<group>";
		};
		08B3672C1E71484900F34D0D /* Products */ = {
			isa = PBXGroup;
			children = (
				08B3672B1E71484900F34D0D /* WUTable.app */,
			);
			name = Products;
			sourceTree = "<group>";
		};
		08B3672D1E71484900F34D0D /* WUTable */ = {
			isa = PBXGroup;
			children = (
				08B367311E71484900F34D0D /* AppDelegate.h */,
				08B367321E71484900F34D0D /* AppDelegate.m */,
				08B3673A1E71484900F34D0D /* Assets.xcassets */,
				08B3673F1E71484900F34D0D /* Info.plist */,
				08B367451E71489A00F34D0D /* WUTable */,
				08B3674D1E7148F200F34D0D /* Example */,
				08B3672E1E71484900F34D0D /* Supporting Files */,
			);
			path = WUTable;
			sourceTree = "<group>";
		};
		08B3672E1E71484900F34D0D /* Supporting Files */ = {
			isa = PBXGroup;
			children = (
				08B3672F1E71484900F34D0D /* main.m */,
			);
			name = "Supporting Files";
			sourceTree = "<group>";
		};
		08B367451E71489A00F34D0D /* WUTable */ = {
			isa = PBXGroup;
			children = (
				08B367481E71489A00F34D0D /* WUTable.h */,
				08B367461E71489A00F34D0D /* WUDataSource.h */,
				08B367471E71489A00F34D0D /* WUDataSource.m */,
				08B367491E71489A00F34D0D /* WUTableView.h */,
				08B3674A1E71489A00F34D0D /* WUTableView.m */,
				08FCCB651E726B3900143C28 /* WUCollectionView.h */,
				08FCCB661E726B3900143C28 /* WUCollectionView.m */,
			);
			path = WUTable;
			sourceTree = "<group>";
		};
		08B3674D1E7148F200F34D0D /* Example */ = {
			isa = PBXGroup;
			children = (
				08B367571E71492A00F34D0D /* View */,
				08B3674E1E71492A00F34D0D /* Controller */,
			);
			path = Example;
			sourceTree = "<group>";
		};
		08B3674E1E71492A00F34D0D /* Controller */ = {
			isa = PBXGroup;
			children = (
				08B367511E71492A00F34D0D /* TableExampleViewController.h */,
				08B367521E71492A00F34D0D /* TableExampleViewController.m */,
				08B367551E71492A00F34D0D /* TableSimpleViewController.h */,
				08B367561E71492A00F34D0D /* TableSimpleViewController.m */,
				08B3674F1E71492A00F34D0D /* TableCustomerViewController.h */,
				08B367501E71492A00F34D0D /* TableCustomerViewController.m */,
				08B367531E71492A00F34D0D /* TableHeaderFooterViewController.h */,
				08B367541E71492A00F34D0D /* TableHeaderFooterViewController.m */,
				081B48381E77BA51002BBF1C /* CollectionExampleViewController.h */,
				081B48391E77BA51002BBF1C /* CollectionExampleViewController.m */,
			);
			path = Controller;
			sourceTree = "<group>";
		};
		08B367571E71492A00F34D0D /* View */ = {
			isa = PBXGroup;
			children = (
				08B367581E71492A00F34D0D /* CustomerHeaderFooterView.h */,
				08B367591E71492A00F34D0D /* CustomerHeaderFooterView.m */,
				08B3675A1E71492A00F34D0D /* CustomerTableViewCell.h */,
				08B3675B1E71492A00F34D0D /* CustomerTableViewCell.m */,
				081B483B1E77CF64002BBF1C /* CollectionCell.h */,
				081B483C1E77CF64002BBF1C /* CollectionCell.m */,
				081B483E1E77D460002BBF1C /* CollectionReusableView.h */,
				081B483F1E77D460002BBF1C /* CollectionReusableView.m */,
			);
			path = View;
			sourceTree = "<group>";
		};
/* End PBXGroup section */

/* Begin PBXNativeTarget section */
		08B3672A1E71484900F34D0D /* WUTable */ = {
			isa = PBXNativeTarget;
			buildConfigurationList = 08B367421E71484900F34D0D /* Build configuration list for PBXNativeTarget "WUTable" */;
			buildPhases = (
				08B367271E71484900F34D0D /* Sources */,
				08B367281E71484900F34D0D /* Frameworks */,
				08B367291E71484900F34D0D /* Resources */,
			);
			buildRules = (
			);
			dependencies = (
			);
			name = WUTable;
			productName = WUTable;
			productReference = 08B3672B1E71484900F34D0D /* WUTable.app */;
			productType = "com.apple.product-type.application";
		};
/* End PBXNativeTarget section */

/* Begin PBXProject section */
		08B367231E71484900F34D0D /* Project object */ = {
			isa = PBXProject;
			attributes = {
				LastUpgradeCheck = 0820;
				ORGANIZATIONNAME = wutan;
				TargetAttributes = {
					08B3672A1E71484900F34D0D = {
						CreatedOnToolsVersion = 8.2.1;
						LastSwiftMigration = 0830;
						ProvisioningStyle = Automatic;
					};
				};
			};
			buildConfigurationList = 08B367261E71484900F34D0D /* Build configuration list for PBXProject "WUTable" */;
			compatibilityVersion = "Xcode 3.2";
			developmentRegion = English;
			hasScannedForEncodings = 0;
			knownRegions = (
				en,
				Base,
			);
			mainGroup = 08B367221E71484900F34D0D;
			productRefGroup = 08B3672C1E71484900F34D0D /* Products */;
			projectDirPath = "";
			projectRoot = "";
			targets = (
				08B3672A1E71484900F34D0D /* WUTable */,
			);
		};
/* End PBXProject section */

/* Begin PBXResourcesBuildPhase section */
		08B367291E71484900F34D0D /* Resources */ = {
			isa = PBXResourcesBuildPhase;
			buildActionMask = 2147483647;
			files = (
				08B3673B1E71484900F34D0D /* Assets.xcassets in Resources */,
			);
			runOnlyForDeploymentPostprocessing = 0;
		};
/* End PBXResourcesBuildPhase section */

/* Begin PBXSourcesBuildPhase section */
		08B367271E71484900F34D0D /* Sources */ = {
			isa = PBXSourcesBuildPhase;
			buildActionMask = 2147483647;
			files = (
				08B3674B1E71489A00F34D0D /* WUDataSource.m in Sources */,
				08FCCB671E726B3900143C28 /* WUCollectionView.m in Sources */,
				08B3675C1E71492A00F34D0D /* TableCustomerViewController.m in Sources */,
				08B367331E71484900F34D0D /* AppDelegate.m in Sources */,
				08B3675E1E71492A00F34D0D /* TableHeaderFooterViewController.m in Sources */,
				081B483A1E77BA51002BBF1C /* CollectionExampleViewController.m in Sources */,
				08B367301E71484900F34D0D /* main.m in Sources */,
				08B367611E71492A00F34D0D /* CustomerTableViewCell.m in Sources */,
				08B3675D1E71492A00F34D0D /* TableExampleViewController.m in Sources */,
				08B3674C1E71489A00F34D0D /* WUTableView.m in Sources */,
				08B3675F1E71492A00F34D0D /* TableSimpleViewController.m in Sources */,
				081B483D1E77CF64002BBF1C /* CollectionCell.m in Sources */,
				08B367601E71492A00F34D0D /* CustomerHeaderFooterView.m in Sources */,
				081B48401E77D460002BBF1C /* CollectionReusableView.m in Sources */,
			);
			runOnlyForDeploymentPostprocessing = 0;
		};
/* End PBXSourcesBuildPhase section */

/* Begin XCBuildConfiguration section */
		08B367401E71484900F34D0D /* Debug */ = {
			isa = XCBuildConfiguration;
			buildSettings = {
				ALWAYS_SEARCH_USER_PATHS = NO;
				CLANG_ANALYZER_NONNULL = YES;
				CLANG_CXX_LANGUAGE_STANDARD = "gnu++0x";
				CLANG_CXX_LIBRARY = "libc++";
				CLANG_ENABLE_MODULES = YES;
				CLANG_ENABLE_OBJC_ARC = YES;
				CLANG_WARN_BOOL_CONVERSION = YES;
				CLANG_WARN_CONSTANT_CONVERSION = YES;
				CLANG_WARN_DIRECT_OBJC_ISA_USAGE = YES_ERROR;
				CLANG_WARN_DOCUMENTATION_COMMENTS = YES;
				CLANG_WARN_EMPTY_BODY = YES;
				CLANG_WARN_ENUM_CONVERSION = YES;
				CLANG_WARN_INFINITE_RECURSION = YES;
				CLANG_WARN_INT_CONVERSION = YES;
				CLANG_WARN_OBJC_ROOT_CLASS = YES_ERROR;
				CLANG_WARN_SUSPICIOUS_MOVE = YES;
				CLANG_WARN_UNREACHABLE_CODE = YES;
				CLANG_WARN__DUPLICATE_METHOD_MATCH = YES;
				"CODE_SIGN_IDENTITY[sdk=iphoneos*]" = "iPhone Developer";
				COPY_PHASE_STRIP = NO;
				DEBUG_INFORMATION_FORMAT = dwarf;
				ENABLE_STRICT_OBJC_MSGSEND = YES;
				ENABLE_TESTABILITY = YES;
				GCC_C_LANGUAGE_STANDARD = gnu99;
				GCC_DYNAMIC_NO_PIC = NO;
				GCC_NO_COMMON_BLOCKS = YES;
				GCC_OPTIMIZATION_LEVEL = 0;
				GCC_PREPROCESSOR_DEFINITIONS = (
					"DEBUG=1",
					"$(inherited)",
				);
				GCC_WARN_64_TO_32_BIT_CONVERSION = YES;
				GCC_WARN_ABOUT_RETURN_TYPE = YES_ERROR;
				GCC_WARN_UNDECLARED_SELECTOR = YES;
				GCC_WARN_UNINITIALIZED_AUTOS = YES_AGGRESSIVE;
				GCC_WARN_UNUSED_FUNCTION = YES;
				GCC_WARN_UNUSED_VARIABLE = YES;
				IPHONEOS_DEPLOYMENT_TARGET = 8.0;
				MTL_ENABLE_DEBUG_INFO = YES;
				ONLY_ACTIVE_ARCH = YES;
				SDKROOT = iphoneos;
			};
			name = Debug;
		};
		08B367411E71484900F34D0D /* Release */ = {
			isa = XCBuildConfiguration;
			buildSettings = {
				ALWAYS_SEARCH_USER_PATHS = NO;
				CLANG_ANALYZER_NONNULL = YES;
				CLANG_CXX_LANGUAGE_STANDARD = "gnu++0x";
				CLANG_CXX_LIBRARY = "libc++";
				CLANG_ENABLE_MODULES = YES;
				CLANG_ENABLE_OBJC_ARC = YES;
				CLANG_WARN_BOOL_CONVERSION = YES;
				CLANG_WARN_CONSTANT_CONVERSION = YES;
				CLANG_WARN_DIRECT_OBJC_ISA_USAGE = YES_ERROR;
				CLANG_WARN_DOCUMENTATION_COMMENTS = YES;
				CLANG_WARN_EMPTY_BODY = YES;
				CLANG_WARN_ENUM_CONVERSION = YES;
				CLANG_WARN_INFINITE_RECURSION = YES;
				CLANG_WARN_INT_CONVERSION = YES;
				CLANG_WARN_OBJC_ROOT_CLASS = YES_ERROR;
				CLANG_WARN_SUSPICIOUS_MOVE = YES;
				CLANG_WARN_UNREACHABLE_CODE = YES;
				CLANG_WARN__DUPLICATE_METHOD_MATCH = YES;
				"CODE_SIGN_IDENTITY[sdk=iphoneos*]" = "iPhone Developer";
				COPY_PHASE_STRIP = NO;
				DEBUG_INFORMATION_FORMAT = "dwarf-with-dsym";
				ENABLE_NS_ASSERTIONS = NO;
				ENABLE_STRICT_OBJC_MSGSEND = YES;
				GCC_C_LANGUAGE_STANDARD = gnu99;
				GCC_NO_COMMON_BLOCKS = YES;
				GCC_WARN_64_TO_32_BIT_CONVERSION = YES;
				GCC_WARN_ABOUT_RETURN_TYPE = YES_ERROR;
				GCC_WARN_UNDECLARED_SELECTOR = YES;
				GCC_WARN_UNINITIALIZED_AUTOS = YES_AGGRESSIVE;
				GCC_WARN_UNUSED_FUNCTION = YES;
				GCC_WARN_UNUSED_VARIABLE = YES;
				IPHONEOS_DEPLOYMENT_TARGET = 8.0;
				MTL_ENABLE_DEBUG_INFO = NO;
				SDKROOT = iphoneos;
				VALIDATE_PRODUCT = YES;
			};
			name = Release;
		};
		08B367431E71484900F34D0D /* Debug */ = {
			isa = XCBuildConfiguration;
			buildSettings = {
				ASSETCATALOG_COMPILER_APPICON_NAME = AppIcon;
				CLANG_ENABLE_MODULES = YES;
				INFOPLIST_FILE = WUTable/Info.plist;
				IPHONEOS_DEPLOYMENT_TARGET = 8.0;
				LD_RUNPATH_SEARCH_PATHS = "$(inherited) @executable_path/Frameworks";
				PRODUCT_BUNDLE_IDENTIFIER = com.wutan.WUTable;
				PRODUCT_NAME = "$(TARGET_NAME)";
				SWIFT_OBJC_BRIDGING_HEADER = "WUTable/WUTable-Bridging-Header.h";
				SWIFT_OPTIMIZATION_LEVEL = "-Onone";
				SWIFT_VERSION = 3.0;
			};
			name = Debug;
		};
		08B367441E71484900F34D0D /* Release */ = {
			isa = XCBuildConfiguration;
			buildSettings = {
				ASSETCATALOG_COMPILER_APPICON_NAME = AppIcon;
				CLANG_ENABLE_MODULES = YES;
				INFOPLIST_FILE = WUTable/Info.plist;
				IPHONEOS_DEPLOYMENT_TARGET = 8.0;
				LD_RUNPATH_SEARCH_PATHS = "$(inherited) @executable_path/Frameworks";
				PRODUCT_BUNDLE_IDENTIFIER = com.wutan.WUTable;
				PRODUCT_NAME = "$(TARGET_NAME)";
				SWIFT_OBJC_BRIDGING_HEADER = "WUTable/WUTable-Bridging-Header.h";
				SWIFT_VERSION = 3.0;
			};
			name = Release;
		};
/* End XCBuildConfiguration section */

/* Begin XCConfigurationList section */
		08B367261E71484900F34D0D /* Build configuration list for PBXProject "WUTable" */ = {
			isa = XCConfigurationList;
			buildConfigurations = (
				08B367401E71484900F34D0D /* Debug */,
				08B367411E71484900F34D0D /* Release */,
			);
			defaultConfigurationIsVisible = 0;
			defaultConfigurationName = Release;
		};
		08B367421E71484900F34D0D /* Build configuration list for PBXNativeTarget "WUTable" */ = {
			isa = XCConfigurationList;
			buildConfigurations = (
				08B367431E71484900F34D0D /* Debug */,
				08B367441E71484900F34D0D /* Release */,
			);
			defaultConfigurationIsVisible = 0;
			defaultConfigurationName = Release;
		};
/* End XCConfigurationList section */
	};
	rootObject = 08B367231E71484900F34D0D /* Project object */;
}
